// !$*UTF8*$!
{
	archiveVersion = 1;
	classes = {
	};
	objectVersion = 50;
	objects = {

/* Begin PBXBuildFile section */
		1B2576213E347341F4802179 /* Pods_LuncherNetPlusTests.framework in Frameworks */ = {isa = PBXBuildFile; fileRef = 2BC5D88F9AB5EAB8ACFF1F48 /* Pods_LuncherNetPlusTests.framework */; };
		760F7DAD20DAB16F00895C21 /* Dealers - Shaded.otf in Resources */ = {isa = PBXBuildFile; fileRef = 760F7DAA20DAB16900895C21 /* Dealers - Shaded.otf */; };
		760F7DAE20DAB16F00895C21 /* Dealers - Shadow.otf in Resources */ = {isa = PBXBuildFile; fileRef = 760F7DAB20DAB16A00895C21 /* Dealers - Shadow.otf */; };
		760F7DAF20DAB16F00895C21 /* Dealers - Solid.otf in Resources */ = {isa = PBXBuildFile; fileRef = 760F7DAC20DAB16C00895C21 /* Dealers - Solid.otf */; };
		7642239E20D9927A0054038F /* NavigationViewController.swift in Sources */ = {isa = PBXBuildFile; fileRef = 7642239D20D9927A0054038F /* NavigationViewController.swift */; };
		7692749620D45A3500A3062A /* AppDelegate.swift in Sources */ = {isa = PBXBuildFile; fileRef = 7692749520D45A3500A3062A /* AppDelegate.swift */; };
		7692749D20D45A3500A3062A /* Main.storyboard in Resources */ = {isa = PBXBuildFile; fileRef = 7692749B20D45A3500A3062A /* Main.storyboard */; };
		7692749F20D45A3600A3062A /* Assets.xcassets in Resources */ = {isa = PBXBuildFile; fileRef = 7692749E20D45A3600A3062A /* Assets.xcassets */; };
		769274A220D45A3600A3062A /* LaunchScreen.storyboard in Resources */ = {isa = PBXBuildFile; fileRef = 769274A020D45A3600A3062A /* LaunchScreen.storyboard */; };
		769274AD20D45A3600A3062A /* LuncherNetPlusTests.swift in Sources */ = {isa = PBXBuildFile; fileRef = 769274AC20D45A3600A3062A /* LuncherNetPlusTests.swift */; };
		76AE07F920D819ED00CDE39B /* CreateAccountViewController.swift in Sources */ = {isa = PBXBuildFile; fileRef = 76AE07F820D819ED00CDE39B /* CreateAccountViewController.swift */; };
		76AE07FB20D81A1700CDE39B /* LoginViewController.swift in Sources */ = {isa = PBXBuildFile; fileRef = 76AE07FA20D81A1700CDE39B /* LoginViewController.swift */; };
		76AE07FD20D81A9B00CDE39B /* BroswerViewController.swift in Sources */ = {isa = PBXBuildFile; fileRef = 76AE07FC20D81A9B00CDE39B /* BroswerViewController.swift */; };
		76AE07FF20D81AD800CDE39B /* LunchViewController.swift in Sources */ = {isa = PBXBuildFile; fileRef = 76AE07FE20D81AD800CDE39B /* LunchViewController.swift */; };
		76AE080320D82BC300CDE39B /* GoogleService-Info.plist in Resources */ = {isa = PBXBuildFile; fileRef = 76AE080220D82BC300CDE39B /* GoogleService-Info.plist */; };
		76BAAA5820D843FA00A72F15 /* MenuViewController.swift in Sources */ = {isa = PBXBuildFile; fileRef = 76BAAA5720D843FA00A72F15 /* MenuViewController.swift */; };
		DFC750B74BC96AB0CB391126 /* Pods_LuncherNetPlus.framework in Frameworks */ = {isa = PBXBuildFile; fileRef = C8FDD42F04F63BF89494D75D /* Pods_LuncherNetPlus.framework */; };
/* End PBXBuildFile section */

/* Begin PBXContainerItemProxy section */
		769274A920D45A3600A3062A /* PBXContainerItemProxy */ = {
			isa = PBXContainerItemProxy;
			containerPortal = 7692748A20D45A3500A3062A /* Project object */;
			proxyType = 1;
			remoteGlobalIDString = 7692749120D45A3500A3062A;
			remoteInfo = LuncherNetPlus;
		};
/* End PBXContainerItemProxy section */

/* Begin PBXFileReference section */
		2BC5D88F9AB5EAB8ACFF1F48 /* Pods_LuncherNetPlusTests.framework */ = {isa = PBXFileReference; explicitFileType = wrapper.framework; includeInIndex = 0; path = Pods_LuncherNetPlusTests.framework; sourceTree = BUILT_PRODUCTS_DIR; };
		316748E7A2E39DEE09FF2074 /* Pods-LuncherNetPlusTests.release.xcconfig */ = {isa = PBXFileReference; includeInIndex = 1; lastKnownFileType = text.xcconfig; name = "Pods-LuncherNetPlusTests.release.xcconfig"; path = "Pods/Target Support Files/Pods-LuncherNetPlusTests/Pods-LuncherNetPlusTests.release.xcconfig"; sourceTree = "<group>"; };
		595FB642E31BE8202DC1C152 /* Pods-LuncherNetPlus.debug.xcconfig */ = {isa = PBXFileReference; includeInIndex = 1; lastKnownFileType = text.xcconfig; name = "Pods-LuncherNetPlus.debug.xcconfig"; path = "Pods/Target Support Files/Pods-LuncherNetPlus/Pods-LuncherNetPlus.debug.xcconfig"; sourceTree = "<group>"; };
		760F7DAA20DAB16900895C21 /* Dealers - Shaded.otf */ = {isa = PBXFileReference; lastKnownFileType = file; path = "Dealers - Shaded.otf"; sourceTree = "<group>"; };
		760F7DAB20DAB16A00895C21 /* Dealers - Shadow.otf */ = {isa = PBXFileReference; lastKnownFileType = file; path = "Dealers - Shadow.otf"; sourceTree = "<group>"; };
		760F7DAC20DAB16C00895C21 /* Dealers - Solid.otf */ = {isa = PBXFileReference; lastKnownFileType = file; path = "Dealers - Solid.otf"; sourceTree = "<group>"; };
		7642239D20D9927A0054038F /* NavigationViewController.swift */ = {isa = PBXFileReference; lastKnownFileType = sourcecode.swift; path = NavigationViewController.swift; sourceTree = "<group>"; };
		7692749220D45A3500A3062A /* LuncherNetPlus.app */ = {isa = PBXFileReference; explicitFileType = wrapper.application; includeInIndex = 0; path = LuncherNetPlus.app; sourceTree = BUILT_PRODUCTS_DIR; };
		7692749520D45A3500A3062A /* AppDelegate.swift */ = {isa = PBXFileReference; lastKnownFileType = sourcecode.swift; path = AppDelegate.swift; sourceTree = "<group>"; };
		7692749C20D45A3500A3062A /* Base */ = {isa = PBXFileReference; lastKnownFileType = file.storyboard; name = Base; path = Base.lproj/Main.storyboard; sourceTree = "<group>"; };
		7692749E20D45A3600A3062A /* Assets.xcassets */ = {isa = PBXFileReference; lastKnownFileType = folder.assetcatalog; path = Assets.xcassets; sourceTree = "<group>"; };
		769274A120D45A3600A3062A /* Base */ = {isa = PBXFileReference; lastKnownFileType = file.storyboard; name = Base; path = Base.lproj/LaunchScreen.storyboard; sourceTree = "<group>"; };
		769274A320D45A3600A3062A /* Info.plist */ = {isa = PBXFileReference; lastKnownFileType = text.plist.xml; path = Info.plist; sourceTree = "<group>"; };
		769274A820D45A3600A3062A /* LuncherNetPlusTests.xctest */ = {isa = PBXFileReference; explicitFileType = wrapper.cfbundle; includeInIndex = 0; path = LuncherNetPlusTests.xctest; sourceTree = BUILT_PRODUCTS_DIR; };
		769274AC20D45A3600A3062A /* LuncherNetPlusTests.swift */ = {isa = PBXFileReference; lastKnownFileType = sourcecode.swift; path = LuncherNetPlusTests.swift; sourceTree = "<group>"; };
		769274AE20D45A3600A3062A /* Info.plist */ = {isa = PBXFileReference; lastKnownFileType = text.plist.xml; path = Info.plist; sourceTree = "<group>"; };
		769274B720D45A3600A3062A /* LuncherNetPlusUITests.swift */ = {isa = PBXFileReference; lastKnownFileType = sourcecode.swift; path = LuncherNetPlusUITests.swift; sourceTree = "<group>"; };
		769274B920D45A3600A3062A /* Info.plist */ = {isa = PBXFileReference; lastKnownFileType = text.plist.xml; path = Info.plist; sourceTree = "<group>"; };
		76AE07F820D819ED00CDE39B /* CreateAccountViewController.swift */ = {isa = PBXFileReference; lastKnownFileType = sourcecode.swift; path = CreateAccountViewController.swift; sourceTree = "<group>"; };
		76AE07FA20D81A1700CDE39B /* LoginViewController.swift */ = {isa = PBXFileReference; lastKnownFileType = sourcecode.swift; path = LoginViewController.swift; sourceTree = "<group>"; };
		76AE07FC20D81A9B00CDE39B /* BroswerViewController.swift */ = {isa = PBXFileReference; lastKnownFileType = sourcecode.swift; path = BroswerViewController.swift; sourceTree = "<group>"; };
		76AE07FE20D81AD800CDE39B /* LunchViewController.swift */ = {isa = PBXFileReference; lastKnownFileType = sourcecode.swift; path = LunchViewController.swift; sourceTree = "<group>"; };
		76AE080220D82BC300CDE39B /* GoogleService-Info.plist */ = {isa = PBXFileReference; fileEncoding = 4; lastKnownFileType = text.plist.xml; path = "GoogleService-Info.plist"; sourceTree = "<group>"; };
		76BAAA5720D843FA00A72F15 /* MenuViewController.swift */ = {isa = PBXFileReference; lastKnownFileType = sourcecode.swift; path = MenuViewController.swift; sourceTree = "<group>"; };
		A4A0CF2624527E2B57F81B9B /* Pods-LuncherNetPlusTests.debug.xcconfig */ = {isa = PBXFileReference; includeInIndex = 1; lastKnownFileType = text.xcconfig; name = "Pods-LuncherNetPlusTests.debug.xcconfig"; path = "Pods/Target Support Files/Pods-LuncherNetPlusTests/Pods-LuncherNetPlusTests.debug.xcconfig"; sourceTree = "<group>"; };
		AF067FA0F8301F8890EDA3F1 /* Pods-LuncherNetPlus.release.xcconfig */ = {isa = PBXFileReference; includeInIndex = 1; lastKnownFileType = text.xcconfig; name = "Pods-LuncherNetPlus.release.xcconfig"; path = "Pods/Target Support Files/Pods-LuncherNetPlus/Pods-LuncherNetPlus.release.xcconfig"; sourceTree = "<group>"; };
		C8FDD42F04F63BF89494D75D /* Pods_LuncherNetPlus.framework */ = {isa = PBXFileReference; explicitFileType = wrapper.framework; includeInIndex = 0; path = Pods_LuncherNetPlus.framework; sourceTree = BUILT_PRODUCTS_DIR; };
/* End PBXFileReference section */

/* Begin PBXFrameworksBuildPhase section */
		7692748F20D45A3500A3062A /* Frameworks */ = {
			isa = PBXFrameworksBuildPhase;
			buildActionMask = 2147483647;
			files = (
				DFC750B74BC96AB0CB391126 /* Pods_LuncherNetPlus.framework in Frameworks */,
			);
			runOnlyForDeploymentPostprocessing = 0;
		};
		769274A520D45A3600A3062A /* Frameworks */ = {
			isa = PBXFrameworksBuildPhase;
			buildActionMask = 2147483647;
			files = (
				1B2576213E347341F4802179 /* Pods_LuncherNetPlusTests.framework in Frameworks */,
			);
			runOnlyForDeploymentPostprocessing = 0;
		};
/* End PBXFrameworksBuildPhase section */

/* Begin PBXGroup section */
		29DFCEE1CEBCA92D77A70D61 /* Frameworks */ = {
			isa = PBXGroup;
			children = (
				C8FDD42F04F63BF89494D75D /* Pods_LuncherNetPlus.framework */,
				2BC5D88F9AB5EAB8ACFF1F48 /* Pods_LuncherNetPlusTests.framework */,
			);
			name = Frameworks;
			sourceTree = "<group>";
		};
		3FF2441353029D03EAB7B623 /* Pods */ = {
			isa = PBXGroup;
			children = (
				595FB642E31BE8202DC1C152 /* Pods-LuncherNetPlus.debug.xcconfig */,
				AF067FA0F8301F8890EDA3F1 /* Pods-LuncherNetPlus.release.xcconfig */,
				A4A0CF2624527E2B57F81B9B /* Pods-LuncherNetPlusTests.debug.xcconfig */,
				316748E7A2E39DEE09FF2074 /* Pods-LuncherNetPlusTests.release.xcconfig */,
			);
			name = Pods;
			sourceTree = "<group>";
		};
		760F7DA920DAB14C00895C21 /* Fonts */ = {
			isa = PBXGroup;
			children = (
				760F7DAA20DAB16900895C21 /* Dealers - Shaded.otf */,
				760F7DAB20DAB16A00895C21 /* Dealers - Shadow.otf */,
				760F7DAC20DAB16C00895C21 /* Dealers - Solid.otf */,
			);
			path = Fonts;
			sourceTree = "<group>";
		};
		7692748920D45A3500A3062A = {
			isa = PBXGroup;
			children = (
				7692749420D45A3500A3062A /* LuncherNetPlus */,
				769274AB20D45A3600A3062A /* LuncherNetPlusTests */,
				769274B620D45A3600A3062A /* LuncherNetPlusUITests */,
				7692749320D45A3500A3062A /* Products */,
				3FF2441353029D03EAB7B623 /* Pods */,
				29DFCEE1CEBCA92D77A70D61 /* Frameworks */,
			);
			sourceTree = "<group>";
		};
		7692749320D45A3500A3062A /* Products */ = {
			isa = PBXGroup;
			children = (
				7692749220D45A3500A3062A /* LuncherNetPlus.app */,
				769274A820D45A3600A3062A /* LuncherNetPlusTests.xctest */,
			);
			name = Products;
			sourceTree = "<group>";
		};
		7692749420D45A3500A3062A /* LuncherNetPlus */ = {
			isa = PBXGroup;
			children = (
				76AE07FC20D81A9B00CDE39B /* BroswerViewController.swift */,
				7692749520D45A3500A3062A /* AppDelegate.swift */,
				7692749B20D45A3500A3062A /* Main.storyboard */,
				76BAAA5720D843FA00A72F15 /* MenuViewController.swift */,
				76AE07FE20D81AD800CDE39B /* LunchViewController.swift */,
				76AE07FA20D81A1700CDE39B /* LoginViewController.swift */,
				76AE07F820D819ED00CDE39B /* CreateAccountViewController.swift */,
				7692749E20D45A3600A3062A /* Assets.xcassets */,
				769274A020D45A3600A3062A /* LaunchScreen.storyboard */,
				76AE080220D82BC300CDE39B /* GoogleService-Info.plist */,
				769274A320D45A3600A3062A /* Info.plist */,
				7642239D20D9927A0054038F /* NavigationViewController.swift */,
				760F7DA920DAB14C00895C21 /* Fonts */,
			);
			path = LuncherNetPlus;
			sourceTree = "<group>";
		};
		769274AB20D45A3600A3062A /* LuncherNetPlusTests */ = {
			isa = PBXGroup;
			children = (
				769274AC20D45A3600A3062A /* LuncherNetPlusTests.swift */,
				769274AE20D45A3600A3062A /* Info.plist */,
			);
			path = LuncherNetPlusTests;
			sourceTree = "<group>";
		};
		769274B620D45A3600A3062A /* LuncherNetPlusUITests */ = {
			isa = PBXGroup;
			children = (
				769274B720D45A3600A3062A /* LuncherNetPlusUITests.swift */,
				769274B920D45A3600A3062A /* Info.plist */,
			);
			path = LuncherNetPlusUITests;
			sourceTree = "<group>";
		};
/* End PBXGroup section */

/* Begin PBXNativeTarget section */
		7692749120D45A3500A3062A /* LuncherNetPlus */ = {
			isa = PBXNativeTarget;
			buildConfigurationList = 769274BC20D45A3600A3062A /* Build configuration list for PBXNativeTarget "LuncherNetPlus" */;
			buildPhases = (
				F11A17F0E3665C84EA6FD7D6 /* [CP] Check Pods Manifest.lock */,
				7692748E20D45A3500A3062A /* Sources */,
				7692748F20D45A3500A3062A /* Frameworks */,
				7692749020D45A3500A3062A /* Resources */,
				D7F7B1E94FFC85171915BC67 /* [CP] Embed Pods Frameworks */,
			);
			buildRules = (
			);
			dependencies = (
			);
			name = LuncherNetPlus;
			productName = LuncherNetPlus;
			productReference = 7692749220D45A3500A3062A /* LuncherNetPlus.app */;
			productType = "com.apple.product-type.application";
		};
		769274A720D45A3600A3062A /* LuncherNetPlusTests */ = {
			isa = PBXNativeTarget;
			buildConfigurationList = 769274BF20D45A3600A3062A /* Build configuration list for PBXNativeTarget "LuncherNetPlusTests" */;
			buildPhases = (
				7810B9B183DD6B43F0640954 /* [CP] Check Pods Manifest.lock */,
				769274A420D45A3600A3062A /* Sources */,
				769274A520D45A3600A3062A /* Frameworks */,
				769274A620D45A3600A3062A /* Resources */,
			);
			buildRules = (
			);
			dependencies = (
				769274AA20D45A3600A3062A /* PBXTargetDependency */,
			);
			name = LuncherNetPlusTests;
			productName = LuncherNetPlusTests;
			productReference = 769274A820D45A3600A3062A /* LuncherNetPlusTests.xctest */;
			productType = "com.apple.product-type.bundle.unit-test";
		};
/* End PBXNativeTarget section */

/* Begin PBXProject section */
		7692748A20D45A3500A3062A /* Project object */ = {
			isa = PBXProject;
			attributes = {
				LastSwiftUpdateCheck = 0940;
				LastUpgradeCheck = 0940;
				ORGANIZATIONNAME = "Jaylin Phipps";
				TargetAttributes = {
					7692749120D45A3500A3062A = {
						CreatedOnToolsVersion = 9.4;
					};
					769274A720D45A3600A3062A = {
						CreatedOnToolsVersion = 9.4;
						TestTargetID = 7692749120D45A3500A3062A;
					};
				};
			};
			buildConfigurationList = 7692748D20D45A3500A3062A /* Build configuration list for PBXProject "LuncherNetPlus" */;
			compatibilityVersion = "Xcode 9.3";
			developmentRegion = en;
			hasScannedForEncodings = 0;
			knownRegions = (
				en,
				Base,
			);
			mainGroup = 7692748920D45A3500A3062A;
			productRefGroup = 7692749320D45A3500A3062A /* Products */;
			projectDirPath = "";
			projectRoot = "";
			targets = (
				7692749120D45A3500A3062A /* LuncherNetPlus */,
				769274A720D45A3600A3062A /* LuncherNetPlusTests */,
			);
		};
/* End PBXProject section */

/* Begin PBXResourcesBuildPhase section */
		7692749020D45A3500A3062A /* Resources */ = {
			isa = PBXResourcesBuildPhase;
			buildActionMask = 2147483647;
			files = (
				760F7DAE20DAB16F00895C21 /* Dealers - Shadow.otf in Resources */,
				769274A220D45A3600A3062A /* LaunchScreen.storyboard in Resources */,
				760F7DAD20DAB16F00895C21 /* Dealers - Shaded.otf in Resources */,
				760F7DAF20DAB16F00895C21 /* Dealers - Solid.otf in Resources */,
				76AE080320D82BC300CDE39B /* GoogleService-Info.plist in Resources */,
				7692749F20D45A3600A3062A /* Assets.xcassets in Resources */,
				7692749D20D45A3500A3062A /* Main.storyboard in Resources */,
			);
			runOnlyForDeploymentPostprocessing = 0;
		};
		769274A620D45A3600A3062A /* Resources */ = {
			isa = PBXResourcesBuildPhase;
			buildActionMask = 2147483647;
			files = (
			);
			runOnlyForDeploymentPostprocessing = 0;
		};
/* End PBXResourcesBuildPhase section */

/* Begin PBXShellScriptBuildPhase section */
		7810B9B183DD6B43F0640954 /* [CP] Check Pods Manifest.lock */ = {
			isa = PBXShellScriptBuildPhase;
			buildActionMask = 2147483647;
			files = (
			);
			inputPaths = (
				"${PODS_PODFILE_DIR_PATH}/Podfile.lock",
				"${PODS_ROOT}/Manifest.lock",
			);
			name = "[CP] Check Pods Manifest.lock";
			outputPaths = (
				"$(DERIVED_FILE_DIR)/Pods-LuncherNetPlusTests-checkManifestLockResult.txt",
			);
			runOnlyForDeploymentPostprocessing = 0;
			shellPath = /bin/sh;
			shellScript = "diff \"${PODS_PODFILE_DIR_PATH}/Podfile.lock\" \"${PODS_ROOT}/Manifest.lock\" > /dev/null\nif [ $? != 0 ] ; then\n    # print error to STDERR\n    echo \"error: The sandbox is not in sync with the Podfile.lock. Run 'pod install' or update your CocoaPods installation.\" >&2\n    exit 1\nfi\n# This output is used by Xcode 'outputs' to avoid re-running this script phase.\necho \"SUCCESS\" > \"${SCRIPT_OUTPUT_FILE_0}\"\n";
			showEnvVarsInLog = 0;
		};
		D7F7B1E94FFC85171915BC67 /* [CP] Embed Pods Frameworks */ = {
			isa = PBXShellScriptBuildPhase;
			buildActionMask = 2147483647;
			files = (
			);
			inputPaths = (
				"${SRCROOT}/Pods/Target Support Files/Pods-LuncherNetPlus/Pods-LuncherNetPlus-frameworks.sh",
				"${BUILT_PRODUCTS_DIR}/GTMSessionFetcher/GTMSessionFetcher.framework",
				"${BUILT_PRODUCTS_DIR}/GoogleToolboxForMac/GoogleToolboxForMac.framework",
				"${BUILT_PRODUCTS_DIR}/nanopb/nanopb.framework",
			);
			name = "[CP] Embed Pods Frameworks";
			outputPaths = (
				"${TARGET_BUILD_DIR}/${FRAMEWORKS_FOLDER_PATH}/GTMSessionFetcher.framework",
				"${TARGET_BUILD_DIR}/${FRAMEWORKS_FOLDER_PATH}/GoogleToolboxForMac.framework",
				"${TARGET_BUILD_DIR}/${FRAMEWORKS_FOLDER_PATH}/nanopb.framework",
			);
			runOnlyForDeploymentPostprocessing = 0;
			shellPath = /bin/sh;
			shellScript = "\"${SRCROOT}/Pods/Target Support Files/Pods-LuncherNetPlus/Pods-LuncherNetPlus-frameworks.sh\"\n";
			showEnvVarsInLog = 0;
		};
		F11A17F0E3665C84EA6FD7D6 /* [CP] Check Pods Manifest.lock */ = {
			isa = PBXShellScriptBuildPhase;
			buildActionMask = 2147483647;
			files = (
			);
			inputPaths = (
				"${PODS_PODFILE_DIR_PATH}/Podfile.lock",
				"${PODS_ROOT}/Manifest.lock",
			);
			name = "[CP] Check Pods Manifest.lock";
			outputPaths = (
				"$(DERIVED_FILE_DIR)/Pods-LuncherNetPlus-checkManifestLockResult.txt",
			);
			runOnlyForDeploymentPostprocessing = 0;
			shellPath = /bin/sh;
			shellScript = "diff \"${PODS_PODFILE_DIR_PATH}/Podfile.lock\" \"${PODS_ROOT}/Manifest.lock\" > /dev/null\nif [ $? != 0 ] ; then\n    # print error to STDERR\n    echo \"error: The sandbox is not in sync with the Podfile.lock. Run 'pod install' or update your CocoaPods installation.\" >&2\n    exit 1\nfi\n# This output is used by Xcode 'outputs' to avoid re-running this script phase.\necho \"SUCCESS\" > \"${SCRIPT_OUTPUT_FILE_0}\"\n";
			showEnvVarsInLog = 0;
		};
/* End PBXShellScriptBuildPhase section */

/* Begin PBXSourcesBuildPhase section */
		7692748E20D45A3500A3062A /* Sources */ = {
			isa = PBXSourcesBuildPhase;
			buildActionMask = 2147483647;
			files = (
				76AE07F920D819ED00CDE39B /* CreateAccountViewController.swift in Sources */,
				76BAAA5820D843FA00A72F15 /* MenuViewController.swift in Sources */,
				76AE07FF20D81AD800CDE39B /* LunchViewController.swift in Sources */,
				76AE07FD20D81A9B00CDE39B /* BroswerViewController.swift in Sources */,
				7692749620D45A3500A3062A /* AppDelegate.swift in Sources */,
				7642239E20D9927A0054038F /* NavigationViewController.swift in Sources */,
				76AE07FB20D81A1700CDE39B /* LoginViewController.swift in Sources */,
			);
			runOnlyForDeploymentPostprocessing = 0;
		};
		769274A420D45A3600A3062A /* Sources */ = {
			isa = PBXSourcesBuildPhase;
			buildActionMask = 2147483647;
			files = (
				769274AD20D45A3600A3062A /* LuncherNetPlusTests.swift in Sources */,
			);
			runOnlyForDeploymentPostprocessing = 0;
		};
/* End PBXSourcesBuildPhase section */

/* Begin PBXTargetDependency section */
		769274AA20D45A3600A3062A /* PBXTargetDependency */ = {
			isa = PBXTargetDependency;
			target = 7692749120D45A3500A3062A /* LuncherNetPlus */;
			targetProxy = 769274A920D45A3600A3062A /* PBXContainerItemProxy */;
		};
/* End PBXTargetDependency section */

/* Begin PBXVariantGroup section */
		7692749B20D45A3500A3062A /* Main.storyboard */ = {
			isa = PBXVariantGroup;
			children = (
				7692749C20D45A3500A3062A /* Base */,
			);
			name = Main.storyboard;
			sourceTree = "<group>";
		};
		769274A020D45A3600A3062A /* LaunchScreen.storyboard */ = {
			isa = PBXVariantGroup;
			children = (
				769274A120D45A3600A3062A /* Base */,
			);
			name = LaunchScreen.storyboard;
			sourceTree = "<group>";
		};
/* End PBXVariantGroup section */

/* Begin XCBuildConfiguration section */
		769274BA20D45A3600A3062A /* Debug */ = {
			isa = XCBuildConfiguration;
			buildSettings = {
				ALWAYS_SEARCH_USER_PATHS = NO;
				CLANG_ANALYZER_NONNULL = YES;
				CLANG_ANALYZER_NUMBER_OBJECT_CONVERSION = YES_AGGRESSIVE;
				CLANG_CXX_LANGUAGE_STANDARD = "gnu++14";
				CLANG_CXX_LIBRARY = "libc++";
				CLANG_ENABLE_MODULES = YES;
				CLANG_ENABLE_OBJC_ARC = YES;
				CLANG_ENABLE_OBJC_WEAK = YES;
				CLANG_WARN_BLOCK_CAPTURE_AUTORELEASING = YES;
				CLANG_WARN_BOOL_CONVERSION = YES;
				CLANG_WARN_COMMA = YES;
				CLANG_WARN_CONSTANT_CONVERSION = YES;
				CLANG_WARN_DEPRECATED_OBJC_IMPLEMENTATIONS = YES;
				CLANG_WARN_DIRECT_OBJC_ISA_USAGE = YES_ERROR;
				CLANG_WARN_DOCUMENTATION_COMMENTS = YES;
				CLANG_WARN_EMPTY_BODY = YES;
				CLANG_WARN_ENUM_CONVERSION = YES;
				CLANG_WARN_INFINITE_RECURSION = YES;
				CLANG_WARN_INT_CONVERSION = YES;
				CLANG_WARN_NON_LITERAL_NULL_CONVERSION = YES;
				CLANG_WARN_OBJC_IMPLICIT_RETAIN_SELF = YES;
				CLANG_WARN_OBJC_LITERAL_CONVERSION = YES;
				CLANG_WARN_OBJC_ROOT_CLASS = YES_ERROR;
				CLANG_WARN_RANGE_LOOP_ANALYSIS = YES;
				CLANG_WARN_STRICT_PROTOTYPES = YES;
				CLANG_WARN_SUSPICIOUS_MOVE = YES;
				CLANG_WARN_UNGUARDED_AVAILABILITY = YES_AGGRESSIVE;
				CLANG_WARN_UNREACHABLE_CODE = YES;
				CLANG_WARN__DUPLICATE_METHOD_MATCH = YES;
				CODE_SIGN_IDENTITY = "iPhone Developer";
				COPY_PHASE_STRIP = NO;
				DEBUG_INFORMATION_FORMAT = dwarf;
				ENABLE_STRICT_OBJC_MSGSEND = YES;
				ENABLE_TESTABILITY = YES;
				GCC_C_LANGUAGE_STANDARD = gnu11;
				GCC_DYNAMIC_NO_PIC = NO;
				GCC_NO_COMMON_BLOCKS = YES;
				GCC_OPTIMIZATION_LEVEL = 0;
				GCC_PREPROCESSOR_DEFINITIONS = (
					"DEBUG=1",
					"$(inherited)",
				);
				GCC_WARN_64_TO_32_BIT_CONVERSION = YES;
				GCC_WARN_ABOUT_RETURN_TYPE = YES_ERROR;
				GCC_WARN_UNDECLARED_SELECTOR = YES;
				GCC_WARN_UNINITIALIZED_AUTOS = YES_AGGRESSIVE;
				GCC_WARN_UNUSED_FUNCTION = YES;
				GCC_WARN_UNUSED_VARIABLE = YES;
				IPHONEOS_DEPLOYMENT_TARGET = 11.4;
				MTL_ENABLE_DEBUG_INFO = YES;
				ONLY_ACTIVE_ARCH = YES;
				SDKROOT = iphoneos;
				SWIFT_ACTIVE_COMPILATION_CONDITIONS = DEBUG;
				SWIFT_OPTIMIZATION_LEVEL = "-Onone";
			};
			name = Debug;
		};
		769274BB20D45A3600A3062A /* Release */ = {
			isa = XCBuildConfiguration;
			buildSettings = {
				ALWAYS_SEARCH_USER_PATHS = NO;
				CLANG_ANALYZER_NONNULL = YES;
				CLANG_ANALYZER_NUMBER_OBJECT_CONVERSION = YES_AGGRESSIVE;
				CLANG_CXX_LANGUAGE_STANDARD = "gnu++14";
				CLANG_CXX_LIBRARY = "libc++";
				CLANG_ENABLE_MODULES = YES;
				CLANG_ENABLE_OBJC_ARC = YES;
				CLANG_ENABLE_OBJC_WEAK = YES;
				CLANG_WARN_BLOCK_CAPTURE_AUTORELEASING = YES;
				CLANG_WARN_BOOL_CONVERSION = YES;
				CLANG_WARN_COMMA = YES;
				CLANG_WARN_CONSTANT_CONVERSION = YES;
				CLANG_WARN_DEPRECATED_OBJC_IMPLEMENTATIONS = YES;
				CLANG_WARN_DIRECT_OBJC_ISA_USAGE = YES_ERROR;
				CLANG_WARN_DOCUMENTATION_COMMENTS = YES;
				CLANG_WARN_EMPTY_BODY = YES;
				CLANG_WARN_ENUM_CONVERSION = YES;
				CLANG_WARN_INFINITE_RECURSION = YES;
				CLANG_WARN_INT_CONVERSION = YES;
				CLANG_WARN_NON_LITERAL_NULL_CONVERSION = YES;
				CLANG_WARN_OBJC_IMPLICIT_RETAIN_SELF = YES;
				CLANG_WARN_OBJC_LITERAL_CONVERSION = YES;
				CLANG_WARN_OBJC_ROOT_CLASS = YES_ERROR;
				CLANG_WARN_RANGE_LOOP_ANALYSIS = YES;
				CLANG_WARN_STRICT_PROTOTYPES = YES;
				CLANG_WARN_SUSPICIOUS_MOVE = YES;
				CLANG_WARN_UNGUARDED_AVAILABILITY = YES_AGGRESSIVE;
				CLANG_WARN_UNREACHABLE_CODE = YES;
				CLANG_WARN__DUPLICATE_METHOD_MATCH = YES;
				CODE_SIGN_IDENTITY = "iPhone Developer";
				COPY_PHASE_STRIP = NO;
				DEBUG_INFORMATION_FORMAT = "dwarf-with-dsym";
				ENABLE_NS_ASSERTIONS = NO;
				ENABLE_STRICT_OBJC_MSGSEND = YES;
				GCC_C_LANGUAGE_STANDARD = gnu11;
				GCC_NO_COMMON_BLOCKS = YES;
				GCC_WARN_64_TO_32_BIT_CONVERSION = YES;
				GCC_WARN_ABOUT_RETURN_TYPE = YES_ERROR;
				GCC_WARN_UNDECLARED_SELECTOR = YES;
				GCC_WARN_UNINITIALIZED_AUTOS = YES_AGGRESSIVE;
				GCC_WARN_UNUSED_FUNCTION = YES;
				GCC_WARN_UNUSED_VARIABLE = YES;
				IPHONEOS_DEPLOYMENT_TARGET = 11.4;
				MTL_ENABLE_DEBUG_INFO = NO;
				SDKROOT = iphoneos;
				SWIFT_COMPILATION_MODE = wholemodule;
				SWIFT_OPTIMIZATION_LEVEL = "-O";
				VALIDATE_PRODUCT = YES;
			};
			name = Release;
		};
		769274BD20D45A3600A3062A /* Debug */ = {
			isa = XCBuildConfiguration;
			baseConfigurationReference = 595FB642E31BE8202DC1C152 /* Pods-LuncherNetPlus.debug.xcconfig */;
			buildSettings = {
				ASSETCATALOG_COMPILER_APPICON_NAME = AppIcon;
				CODE_SIGN_STYLE = Automatic;
				DEVELOPMENT_TEAM = VHR8SJQWXF;
				INFOPLIST_FILE = LuncherNetPlus/Info.plist;
				LD_RUNPATH_SEARCH_PATHS = (
					"$(inherited)",
					"@executable_path/Frameworks",
				);
				PRODUCT_BUNDLE_IDENTIFIER = com.JPhipps.LuncherNetPlus;
				PRODUCT_NAME = "$(TARGET_NAME)";
				SWIFT_VERSION = 4.0;
				TARGETED_DEVICE_FAMILY = "1,2";
			};
			name = Debug;
		};
		769274BE20D45A3600A3062A /* Release */ = {
			isa = XCBuildConfiguration;
			baseConfigurationReference = AF067FA0F8301F8890EDA3F1 /* Pods-LuncherNetPlus.release.xcconfig */;
			buildSettings = {
				ASSETCATALOG_COMPILER_APPICON_NAME = AppIcon;
				CODE_SIGN_STYLE = Automatic;
				DEVELOPMENT_TEAM = VHR8SJQWXF;
				INFOPLIST_FILE = LuncherNetPlus/Info.plist;
				LD_RUNPATH_SEARCH_PATHS = (
					"$(inherited)",
					"@executable_path/Frameworks",
				);
				PRODUCT_BUNDLE_IDENTIFIER = com.JPhipps.LuncherNetPlus;
				PRODUCT_NAME = "$(TARGET_NAME)";
				SWIFT_VERSION = 4.0;
				TARGETED_DEVICE_FAMILY = "1,2";
			};
			name = Release;
		};
		769274C020D45A3600A3062A /* Debug */ = {
			isa = XCBuildConfiguration;
			baseConfigurationReference = A4A0CF2624527E2B57F81B9B /* Pods-LuncherNetPlusTests.debug.xcconfig */;
			buildSettings = {
				ALWAYS_EMBED_SWIFT_STANDARD_LIBRARIES = YES;
				BUNDLE_LOADER = "$(TEST_HOST)";
				CODE_SIGN_STYLE = Automatic;
				INFOPLIST_FILE = LuncherNetPlusTests/Info.plist;
				LD_RUNPATH_SEARCH_PATHS = (
					"$(inherited)",
					"@executable_path/Frameworks",
					"@loader_path/Frameworks",
				);
				PRODUCT_BUNDLE_IDENTIFIER = com.JPhipps.LuncherNetPlusTests;
				PRODUCT_NAME = "$(TARGET_NAME)";
				SWIFT_VERSION = 4.0;
				TARGETED_DEVICE_FAMILY = "1,2";
				TEST_HOST = "$(BUILT_PRODUCTS_DIR)/LuncherNetPlus.app/LuncherNetPlus";
			};
			name = Debug;
		};
		769274C120D45A3600A3062A /* Release */ = {
			isa = XCBuildConfiguration;
			baseConfigurationReference = 316748E7A2E39DEE09FF2074 /* Pods-LuncherNetPlusTests.release.xcconfig */;
			buildSettings = {
				ALWAYS_EMBED_SWIFT_STANDARD_LIBRARIES = YES;
				BUNDLE_LOADER = "$(TEST_HOST)";
				CODE_SIGN_STYLE = Automatic;
				INFOPLIST_FILE = LuncherNetPlusTests/Info.plist;
				LD_RUNPATH_SEARCH_PATHS = (
					"$(inherited)",
					"@executable_path/Frameworks",
					"@loader_path/Frameworks",
				);
				PRODUCT_BUNDLE_IDENTIFIER = com.JPhipps.LuncherNetPlusTests;
				PRODUCT_NAME = "$(TARGET_NAME)";
				SWIFT_VERSION = 4.0;
				TARGETED_DEVICE_FAMILY = "1,2";
				TEST_HOST = "$(BUILT_PRODUCTS_DIR)/LuncherNetPlus.app/LuncherNetPlus";
			};
			name = Release;
		};
/* End XCBuildConfiguration section */

/* Begin XCConfigurationList section */
		7692748D20D45A3500A3062A /* Build configuration list for PBXProject "LuncherNetPlus" */ = {
			isa = XCConfigurationList;
			buildConfigurations = (
				769274BA20D45A3600A3062A /* Debug */,
				769274BB20D45A3600A3062A /* Release */,
			);
			defaultConfigurationIsVisible = 0;
			defaultConfigurationName = Release;
		};
		769274BC20D45A3600A3062A /* Build configuration list for PBXNativeTarget "LuncherNetPlus" */ = {
			isa = XCConfigurationList;
			buildConfigurations = (
				769274BD20D45A3600A3062A /* Debug */,
				769274BE20D45A3600A3062A /* Release */,
			);
			defaultConfigurationIsVisible = 0;
			defaultConfigurationName = Release;
		};
		769274BF20D45A3600A3062A /* Build configuration list for PBXNativeTarget "LuncherNetPlusTests" */ = {
			isa = XCConfigurationList;
			buildConfigurations = (
				769274C020D45A3600A3062A /* Debug */,
				769274C120D45A3600A3062A /* Release */,
			);
			defaultConfigurationIsVisible = 0;
			defaultConfigurationName = Release;
		};
/* End XCConfigurationList section */
	};
	rootObject = 7692748A20D45A3500A3062A /* Project object */;
}
